
Microsoft Visual Studio Solution File, Format Version 12.00
# Visual Studio 15
VisualStudioVersion = 15.0.26124.0
MinimumVisualStudioVersion = 15.0.26124.0
Project("{2150E333-8FDC-42A3-9474-1A3956D46DE8}") = "src", "src", "{AEB122D6-0340-4400-9B4D-4461BF2623A5}"
EndProject
Project("{FAE04EC0-301F-11D3-BF4B-00C04F79EFBC}") = "DotGet.Core", "src\DotGet.Core\DotGet.Core.csproj", "{690AD27D-7A23-4197-AA5C-B2D3E44D384D}"
EndProject
Project("{FAE04EC0-301F-11D3-BF4B-00C04F79EFBC}") = "DotGet.Cli", "src\DotGet.Cli\DotGet.Cli.csproj", "{13E56142-4C0B-4C2D-AD7B-B9B3AE24E680}"
EndProject
Project("{2150E333-8FDC-42A3-9474-1A3956D46DE8}") = "test", "test", "{19788EEA-9760-4CD5-B837-F611A0872765}"
EndProject
Project("{FAE04EC0-301F-11D3-BF4B-00C04F79EFBC}") = "DotGet.Core.Tests", "test\DotGet.Core.Tests\DotGet.Core.Tests.csproj", "{C4DABFDD-36DB-4293-BA78-062493C5275B}"
EndProject
Global
	GlobalSection(SolutionConfigurationPlatforms) = preSolution
		Debug|Any CPU = Debug|Any CPU
		Debug|x64 = Debug|x64
		Debug|x86 = Debug|x86
		Release|Any CPU = Release|Any CPU
		Release|x64 = Release|x64
		Release|x86 = Release|x86
	EndGlobalSection
	GlobalSection(SolutionProperties) = preSolution
		HideSolutionNode = FALSE
	EndGlobalSection
	GlobalSection(ProjectConfigurationPlatforms) = postSolution
		{690AD27D-7A23-4197-AA5C-B2D3E44D384D}.Debug|Any CPU.ActiveCfg = Debug|Any CPU
		{690AD27D-7A23-4197-AA5C-B2D3E44D384D}.Debug|Any CPU.Build.0 = Debug|Any CPU
		{690AD27D-7A23-4197-AA5C-B2D3E44D384D}.Debug|x64.ActiveCfg = Debug|x64
		{690AD27D-7A23-4197-AA5C-B2D3E44D384D}.Debug|x64.Build.0 = Debug|x64
		{690AD27D-7A23-4197-AA5C-B2D3E44D384D}.Debug|x86.ActiveCfg = Debug|x86
		{690AD27D-7A23-4197-AA5C-B2D3E44D384D}.Debug|x86.Build.0 = Debug|x86
		{690AD27D-7A23-4197-AA5C-B2D3E44D384D}.Release|Any CPU.ActiveCfg = Release|Any CPU
		{690AD27D-7A23-4197-AA5C-B2D3E44D384D}.Release|Any CPU.Build.0 = Release|Any CPU
		{690AD27D-7A23-4197-AA5C-B2D3E44D384D}.Release|x64.ActiveCfg = Release|x64
		{690AD27D-7A23-4197-AA5C-B2D3E44D384D}.Release|x64.Build.0 = Release|x64
		{690AD27D-7A23-4197-AA5C-B2D3E44D384D}.Release|x86.ActiveCfg = Release|x86
		{690AD27D-7A23-4197-AA5C-B2D3E44D384D}.Release|x86.Build.0 = Release|x86
		{13E56142-4C0B-4C2D-AD7B-B9B3AE24E680}.Debug|Any CPU.ActiveCfg = Debug|Any CPU
		{13E56142-4C0B-4C2D-AD7B-B9B3AE24E680}.Debug|Any CPU.Build.0 = Debug|Any CPU
		{13E56142-4C0B-4C2D-AD7B-B9B3AE24E680}.Debug|x64.ActiveCfg = Debug|x64
		{13E56142-4C0B-4C2D-AD7B-B9B3AE24E680}.Debug|x64.Build.0 = Debug|x64
		{13E56142-4C0B-4C2D-AD7B-B9B3AE24E680}.Debug|x86.ActiveCfg = Debug|x86
		{13E56142-4C0B-4C2D-AD7B-B9B3AE24E680}.Debug|x86.Build.0 = Debug|x86
		{13E56142-4C0B-4C2D-AD7B-B9B3AE24E680}.Release|Any CPU.ActiveCfg = Release|Any CPU
		{13E56142-4C0B-4C2D-AD7B-B9B3AE24E680}.Release|Any CPU.Build.0 = Release|Any CPU
		{13E56142-4C0B-4C2D-AD7B-B9B3AE24E680}.Release|x64.ActiveCfg = Release|x64
		{13E56142-4C0B-4C2D-AD7B-B9B3AE24E680}.Release|x64.Build.0 = Release|x64
		{13E56142-4C0B-4C2D-AD7B-B9B3AE24E680}.Release|x86.ActiveCfg = Release|x86
		{13E56142-4C0B-4C2D-AD7B-B9B3AE24E680}.Release|x86.Build.0 = Release|x86
		{C4DABFDD-36DB-4293-BA78-062493C5275B}.Debug|Any CPU.ActiveCfg = Debug|Any CPU
		{C4DABFDD-36DB-4293-BA78-062493C5275B}.Debug|Any CPU.Build.0 = Debug|Any CPU
		{C4DABFDD-36DB-4293-BA78-062493C5275B}.Debug|x64.ActiveCfg = Debug|x64
		{C4DABFDD-36DB-4293-BA78-062493C5275B}.Debug|x64.Build.0 = Debug|x64
		{C4DABFDD-36DB-4293-BA78-062493C5275B}.Debug|x86.ActiveCfg = Debug|x86
		{C4DABFDD-36DB-4293-BA78-062493C5275B}.Debug|x86.Build.0 = Debug|x86
		{C4DABFDD-36DB-4293-BA78-062493C5275B}.Release|Any CPU.ActiveCfg = Release|Any CPU
		{C4DABFDD-36DB-4293-BA78-062493C5275B}.Release|Any CPU.Build.0 = Release|Any CPU
		{C4DABFDD-36DB-4293-BA78-062493C5275B}.Release|x64.ActiveCfg = Release|x64
		{C4DABFDD-36DB-4293-BA78-062493C5275B}.Release|x64.Build.0 = Release|x64
		{C4DABFDD-36DB-4293-BA78-062493C5275B}.Release|x86.ActiveCfg = Release|x86
		{C4DABFDD-36DB-4293-BA78-062493C5275B}.Release|x86.Build.0 = Release|x86
	EndGlobalSection
	GlobalSection(NestedProjects) = preSolution
		{690AD27D-7A23-4197-AA5C-B2D3E44D384D} = {AEB122D6-0340-4400-9B4D-4461BF2623A5}
		{13E56142-4C0B-4C2D-AD7B-B9B3AE24E680} = {AEB122D6-0340-4400-9B4D-4461BF2623A5}
		{C4DABFDD-36DB-4293-BA78-062493C5275B} = {19788EEA-9760-4CD5-B837-F611A0872765}
	EndGlobalSection
EndGlobal
